// !$*UTF8*$!
{
	archiveVersion = 1;
	classes = {
	};
	objectVersion = 46;
	objects = {

/* Begin PBXBuildFile section */
		B84794D51DEC77CD00BACCF0 /* main.cpp in Sources */ = {isa = PBXBuildFile; fileRef = B84794D41DEC77CD00BACCF0 /* main.cpp */; };
		B84794DD1DEC77DE00BACCF0 /* Child.cpp in Sources */ = {isa = PBXBuildFile; fileRef = B84794DB1DEC77DE00BACCF0 /* Child.cpp */; };
		B84794E01DEC7B2D00BACCF0 /* Parent.cpp in Sources */ = {isa = PBXBuildFile; fileRef = B84794DE1DEC7B2D00BACCF0 /* Parent.cpp */; };
/* End PBXBuildFile section */

/* Begin PBXCopyFilesBuildPhase section */
		B84794CF1DEC77CD00BACCF0 /* CopyFiles */ = {
			isa = PBXCopyFilesBuildPhase;
			buildActionMask = 2147483647;
			dstPath = /usr/share/man/man1/;
			dstSubfolderSpec = 0;
			files = (
			);
			runOnlyForDeploymentPostprocessing = 1;
		};
/* End PBXCopyFilesBuildPhase section */

/* Begin PBXFileReference section */
		B84794D11DEC77CD00BACCF0 /* CoptyCtor */ = {isa = PBXFileReference; explicitFileType = "compiled.mach-o.executable"; includeInIndex = 0; path = CoptyCtor; sourceTree = BUILT_PRODUCTS_DIR; };
		B84794D41DEC77CD00BACCF0 /* main.cpp */ = {isa = PBXFileReference; lastKnownFileType = sourcecode.cpp.cpp; path = main.cpp; sourceTree = "<group>"; };
		B84794DB1DEC77DE00BACCF0 /* Child.cpp */ = {isa = PBXFileReference; fileEncoding = 4; lastKnownFileType = sourcecode.cpp.cpp; path = Child.cpp; sourceTree = "<group>"; };
		B84794DC1DEC77DE00BACCF0 /* Child.hpp */ = {isa = PBXFileReference; fileEncoding = 4; lastKnownFileType = sourcecode.cpp.h; path = Child.hpp; sourceTree = "<group>"; };
		B84794DE1DEC7B2D00BACCF0 /* Parent.cpp */ = {isa = PBXFileReference; fileEncoding = 4; lastKnownFileType = sourcecode.cpp.cpp; path = Parent.cpp; sourceTree = "<group>"; };
		B84794DF1DEC7B2D00BACCF0 /* Parent.hpp */ = {isa = PBXFileReference; fileEncoding = 4; lastKnownFileType = sourcecode.cpp.h; path = Parent.hpp; sourceTree = "<group>"; };
/* End PBXFileReference section */

/* Begin PBXFrameworksBuildPhase section */
		B84794CE1DEC77CD00BACCF0 /* Frameworks */ = {
			isa = PBXFrameworksBuildPhase;
			buildActionMask = 2147483647;
			files = (
			);
			runOnlyForDeploymentPostprocessing = 0;
		};
/* End PBXFrameworksBuildPhase section */

/* Begin PBXGroup section */
		B84794C81DEC77CD00BACCF0 = {
			isa = PBXGroup;
			children = (
				B84794D31DEC77CD00BACCF0 /* CoptyCtor */,
				B84794D21DEC77CD00BACCF0 /* Products */,
			);
			sourceTree = "<group>";
		};
		B84794D21DEC77CD00BACCF0 /* Products */ = {
			isa = PBXGroup;
			children = (
				B84794D11DEC77CD00BACCF0 /* CoptyCtor */,
			);
			name = Products;
			sourceTree = "<group>";
		};
		B84794D31DEC77CD00BACCF0 /* CoptyCtor */ = {
			isa = PBXGroup;
			children = (
				B84794D41DEC77CD00BACCF0 /* main.cpp */,
				B84794DB1DEC77DE00BACCF0 /* Child.cpp */,
				B84794DC1DEC77DE00BACCF0 /* Child.hpp */,
				B84794DE1DEC7B2D00BACCF0 /* Parent.cpp */,
				B84794DF1DEC7B2D00BACCF0 /* Parent.hpp */,
			);
			path = CoptyCtor;
			sourceTree = "<group>";
		};
/* End PBXGroup section */

/* Begin PBXNativeTarget section */
		B84794D01DEC77CD00BACCF0 /* CoptyCtor */ = {
			isa = PBXNativeTarget;
			buildConfigurationList = B84794D81DEC77CD00BACCF0 /* Build configuration list for PBXNativeTarget "CoptyCtor" */;
			buildPhases = (
				B84794CD1DEC77CD00BACCF0 /* Sources */,
				B84794CE1DEC77CD00BACCF0 /* Frameworks */,
				B84794CF1DEC77CD00BACCF0 /* CopyFiles */,
			);
			buildRules = (
			);
			dependencies = (
			);
			name = CoptyCtor;
			productName = CoptyCtor;
			productReference = B84794D11DEC77CD00BACCF0 /* CoptyCtor */;
			productType = "com.apple.product-type.tool";
		};
/* End PBXNativeTarget section */

/* Begin PBXProject section */
		B84794C91DEC77CD00BACCF0 /* Project object */ = {
			isa = PBXProject;
			attributes = {
				LastUpgradeCheck = 0810;
				ORGANIZATIONNAME = "Niels van Unen";
				TargetAttributes = {
					B84794D01DEC77CD00BACCF0 = {
						CreatedOnToolsVersion = 8.1;
						ProvisioningStyle = Automatic;
					};
				};
			};
			buildConfigurationList = B84794CC1DEC77CD00BACCF0 /* Build configuration list for PBXProject "CoptyCtor" */;
			compatibilityVersion = "Xcode 3.2";
			developmentRegion = English;
			hasScannedForEncodings = 0;
			knownRegions = (
				en,
			);
			mainGroup = B84794C81DEC77CD00BACCF0;
			productRefGroup = B84794D21DEC77CD00BACCF0 /* Products */;
			projectDirPath = "";
			projectRoot = "";
			targets = (
				B84794D01DEC77CD00BACCF0 /* CoptyCtor */,
			);
		};
/* End PBXProject section */

/* Begin PBXSourcesBuildPhase section */
		B84794CD1DEC77CD00BACCF0 /* Sources */ = {
			isa = PBXSourcesBuildPhase;
			buildActionMask = 2147483647;
			files = (
				B84794DD1DEC77DE00BACCF0 /* Child.cpp in Sources */,
				B84794D51DEC77CD00BACCF0 /* main.cpp in Sources */,
				B84794E01DEC7B2D00BACCF0 /* Parent.cpp in Sources */,
			);
			runOnlyForDeploymentPostprocessing = 0;
		};
/* End PBXSourcesBuildPhase section */

/* Begin XCBuildConfiguration section */
		B84794D61DEC77CD00BACCF0 /* Debug */ = {
			isa = XCBuildConfiguration;
			buildSettings = {
				ALWAYS_SEARCH_USER_PATHS = NO;
				CLANG_ANALYZER_NONNULL = YES;
				CLANG_CXX_LANGUAGE_STANDARD = "gnu++0x";
				CLANG_CXX_LIBRARY = "libc++";
				CLANG_ENABLE_MODULES = YES;
				CLANG_ENABLE_OBJC_ARC = YES;
				CLANG_WARN_BOOL_CONVERSION = YES;
				CLANG_WARN_CONSTANT_CONVERSION = YES;
				CLANG_WARN_DIRECT_OBJC_ISA_USAGE = YES_ERROR;
				CLANG_WARN_DOCUMENTATION_COMMENTS = YES;
				CLANG_WARN_EMPTY_BODY = YES;
				CLANG_WARN_ENUM_CONVERSION = YES;
				CLANG_WARN_INFINITE_RECURSION = YES;
				CLANG_WARN_INT_CONVERSION = YES;
				CLANG_WARN_OBJC_ROOT_CLASS = YES_ERROR;
				CLANG_WARN_SUSPICIOUS_MOVES = YES;
				CLANG_WARN_UNREACHABLE_CODE = YES;
				CLANG_WARN__DUPLICATE_METHOD_MATCH = YES;
				CODE_SIGN_IDENTITY = "-";
				COPY_PHASE_STRIP = NO;
				DEBUG_INFORMATION_FORMAT = dwarf;
				ENABLE_STRICT_OBJC_MSGSEND = YES;
				ENABLE_TESTABILITY = YES;
				GCC_C_LANGUAGE_STANDARD = gnu99;
				GCC_DYNAMIC_NO_PIC = NO;
				GCC_NO_COMMON_BLOCKS = YES;
				GCC_OPTIMIZATION_LEVEL = 0;
				GCC_PREPROCESSOR_DEFINITIONS = (
					"DEBUG=1",
					"$(inherited)",
				);
				GCC_WARN_64_TO_32_BIT_CONVERSION = YES;
				GCC_WARN_ABOUT_RETURN_TYPE = YES_ERROR;
				GCC_WARN_UNDECLARED_SELECTOR = YES;
				GCC_WARN_UNINITIALIZED_AUTOS = YES_AGGRESSIVE;
				GCC_WARN_UNUSED_FUNCTION = YES;
				GCC_WARN_UNUSED_VARIABLE = YES;
				MACOSX_DEPLOYMENT_TARGET = 10.12;
				MTL_ENABLE_DEBUG_INFO = YES;
				ONLY_ACTIVE_ARCH = YES;
				SDKROOT = macosx;
			};
			name = Debug;
		};
		B84794D71DEC77CD00BACCF0 /* Release */ = {
			isa = XCBuildConfiguration;
			buildSettings = {
				ALWAYS_SEARCH_USER_PATHS = NO;
				CLANG_ANALYZER_NONNULL = YES;
				CLANG_CXX_LANGUAGE_STANDARD = "gnu++0x";
				CLANG_CXX_LIBRARY = "libc++";
				CLANG_ENABLE_MODULES = YES;
				CLANG_ENABLE_OBJC_ARC = YES;
				CLANG_WARN_BOOL_CONVERSION = YES;
				CLANG_WARN_CONSTANT_CONVERSION = YES;
				CLANG_WARN_DIRECT_OBJC_ISA_USAGE = YES_ERROR;
				CLANG_WARN_DOCUMENTATION_COMMENTS = YES;
				CLANG_WARN_EMPTY_BODY = YES;
				CLANG_WARN_ENUM_CONVERSION = YES;
				CLANG_WARN_INFINITE_RECURSION = YES;
				CLANG_WARN_INT_CONVERSION = YES;
				CLANG_WARN_OBJC_ROOT_CLASS = YES_ERROR;
				CLANG_WARN_SUSPICIOUS_MOVES = YES;
				CLANG_WARN_UNREACHABLE_CODE = YES;
				CLANG_WARN__DUPLICATE_METHOD_MATCH = YES;
				CODE_SIGN_IDENTITY = "-";
				COPY_PHASE_STRIP = NO;
				DEBUG_INFORMATION_FORMAT = "dwarf-with-dsym";
				ENABLE_NS_ASSERTIONS = NO;
				ENABLE_STRICT_OBJC_MSGSEND = YES;
				GCC_C_LANGUAGE_STANDARD = gnu99;
				GCC_NO_COMMON_BLOCKS = YES;
				GCC_WARN_64_TO_32_BIT_CONVERSION = YES;
				GCC_WARN_ABOUT_RETURN_TYPE = YES_ERROR;
				GCC_WARN_UNDECLARED_SELECTOR = YES;
				GCC_WARN_UNINITIALIZED_AUTOS = YES_AGGRESSIVE;
				GCC_WARN_UNUSED_FUNCTION = YES;
				GCC_WARN_UNUSED_VARIABLE = YES;
				MACOSX_DEPLOYMENT_TARGET = 10.12;
				MTL_ENABLE_DEBUG_INFO = NO;
				SDKROOT = macosx;
			};
			name = Release;
		};
		B84794D91DEC77CD00BACCF0 /* Debug */ = {
			isa = XCBuildConfiguration;
			buildSettings = {
				PRODUCT_NAME = "$(TARGET_NAME)";
			};
			name = Debug;
		};
		B84794DA1DEC77CD00BACCF0 /* Release */ = {
			isa = XCBuildConfiguration;
			buildSettings = {
				PRODUCT_NAME = "$(TARGET_NAME)";
			};
			name = Release;
		};
/* End XCBuildConfiguration section */

/* Begin XCConfigurationList section */
		B84794CC1DEC77CD00BACCF0 /* Build configuration list for PBXProject "CoptyCtor" */ = {
			isa = XCConfigurationList;
			buildConfigurations = (
				B84794D61DEC77CD00BACCF0 /* Debug */,
				B84794D71DEC77CD00BACCF0 /* Release */,
			);
			defaultConfigurationIsVisible = 0;
			defaultConfigurationName = Release;
		};
		B84794D81DEC77CD00BACCF0 /* Build configuration list for PBXNativeTarget "CoptyCtor" */ = {
			isa = XCConfigurationList;
			buildConfigurations = (
				B84794D91DEC77CD00BACCF0 /* Debug */,
				B84794DA1DEC77CD00BACCF0 /* Release */,
			);
			defaultConfigurationIsVisible = 0;
		};
/* End XCConfigurationList section */
	};
	rootObject = B84794C91DEC77CD00BACCF0 /* Project object */;
}
